
Microsoft Visual Studio Solution File, Format Version 12.00
# Visual Studio 15
VisualStudioVersion = 15.0.26124.0
MinimumVisualStudioVersion = 15.0.26124.0
Project("{FAE04EC0-301F-11D3-BF4B-00C04F79EFBC}") = "EnglishLearning.Multimedia.Host", "EnglishLearning.Multimedia.Host\EnglishLearning.Multimedia.Host.csproj", "{CCCA031A-EAA7-44A4-9D25-7B1F2E0BFD37}"
EndProject
Project("{FAE04EC0-301F-11D3-BF4B-00C04F79EFBC}") = "EnglishLearning.Multimedia.Application", "EnglishLearning.Multimedia.Application\EnglishLearning.Multimedia.Application.csproj", "{044AD8FB-E849-4A2A-BEE2-EF8B001A98CC}"
EndProject
Project("{FAE04EC0-301F-11D3-BF4B-00C04F79EFBC}") = "EnglishLearning.Multimedia.Persistence", "EnglishLearning.Multimedia.Persistence\EnglishLearning.Multimedia.Persistence.csproj", "{4FDFFC99-0279-49F8-B80A-CCE4AC1FD58A}"
EndProject
Project("{FAE04EC0-301F-11D3-BF4B-00C04F79EFBC}") = "EnglishLearning.Multimedia.Web", "EnglishLearning.Multimedia.Web\EnglishLearning.Multimedia.Web.csproj", "{8FC5C3A1-A6C0-4076-8F86-ABA320022B86}"
EndProject
Project("{FAE04EC0-301F-11D3-BF4B-00C04F79EFBC}") = "EnglishLearning.Multimedia.Infrastructure", "EnglishLearning.Multimedia.Infrastructure\EnglishLearning.Multimedia.Infrastructure.csproj", "{C8D08D76-C074-46FC-9B10-251E38056308}"
EndProject
Global
	GlobalSection(SolutionConfigurationPlatforms) = preSolution
		Debug|Any CPU = Debug|Any CPU
		Debug|x64 = Debug|x64
		Debug|x86 = Debug|x86
		Release|Any CPU = Release|Any CPU
		Release|x64 = Release|x64
		Release|x86 = Release|x86
	EndGlobalSection
	GlobalSection(SolutionProperties) = preSolution
		HideSolutionNode = FALSE
	EndGlobalSection
	GlobalSection(ProjectConfigurationPlatforms) = postSolution
		{CCCA031A-EAA7-44A4-9D25-7B1F2E0BFD37}.Debug|Any CPU.ActiveCfg = Debug|Any CPU
		{CCCA031A-EAA7-44A4-9D25-7B1F2E0BFD37}.Debug|Any CPU.Build.0 = Debug|Any CPU
		{CCCA031A-EAA7-44A4-9D25-7B1F2E0BFD37}.Debug|x64.ActiveCfg = Debug|Any CPU
		{CCCA031A-EAA7-44A4-9D25-7B1F2E0BFD37}.Debug|x64.Build.0 = Debug|Any CPU
		{CCCA031A-EAA7-44A4-9D25-7B1F2E0BFD37}.Debug|x86.ActiveCfg = Debug|Any CPU
		{CCCA031A-EAA7-44A4-9D25-7B1F2E0BFD37}.Debug|x86.Build.0 = Debug|Any CPU
		{CCCA031A-EAA7-44A4-9D25-7B1F2E0BFD37}.Release|Any CPU.ActiveCfg = Release|Any CPU
		{CCCA031A-EAA7-44A4-9D25-7B1F2E0BFD37}.Release|Any CPU.Build.0 = Release|Any CPU
		{CCCA031A-EAA7-44A4-9D25-7B1F2E0BFD37}.Release|x64.ActiveCfg = Release|Any CPU
		{CCCA031A-EAA7-44A4-9D25-7B1F2E0BFD37}.Release|x64.Build.0 = Release|Any CPU
		{CCCA031A-EAA7-44A4-9D25-7B1F2E0BFD37}.Release|x86.ActiveCfg = Release|Any CPU
		{CCCA031A-EAA7-44A4-9D25-7B1F2E0BFD37}.Release|x86.Build.0 = Release|Any CPU
		{044AD8FB-E849-4A2A-BEE2-EF8B001A98CC}.Debug|Any CPU.ActiveCfg = Debug|Any CPU
		{044AD8FB-E849-4A2A-BEE2-EF8B001A98CC}.Debug|Any CPU.Build.0 = Debug|Any CPU
		{044AD8FB-E849-4A2A-BEE2-EF8B001A98CC}.Debug|x64.ActiveCfg = Debug|Any CPU
		{044AD8FB-E849-4A2A-BEE2-EF8B001A98CC}.Debug|x64.Build.0 = Debug|Any CPU
		{044AD8FB-E849-4A2A-BEE2-EF8B001A98CC}.Debug|x86.ActiveCfg = Debug|Any CPU
		{044AD8FB-E849-4A2A-BEE2-EF8B001A98CC}.Debug|x86.Build.0 = Debug|Any CPU
		{044AD8FB-E849-4A2A-BEE2-EF8B001A98CC}.Release|Any CPU.ActiveCfg = Release|Any CPU
		{044AD8FB-E849-4A2A-BEE2-EF8B001A98CC}.Release|Any CPU.Build.0 = Release|Any CPU
		{044AD8FB-E849-4A2A-BEE2-EF8B001A98CC}.Release|x64.ActiveCfg = Release|Any CPU
		{044AD8FB-E849-4A2A-BEE2-EF8B001A98CC}.Release|x64.Build.0 = Release|Any CPU
		{044AD8FB-E849-4A2A-BEE2-EF8B001A98CC}.Release|x86.ActiveCfg = Release|Any CPU
		{044AD8FB-E849-4A2A-BEE2-EF8B001A98CC}.Release|x86.Build.0 = Release|Any CPU
		{4FDFFC99-0279-49F8-B80A-CCE4AC1FD58A}.Debug|Any CPU.ActiveCfg = Debug|Any CPU
		{4FDFFC99-0279-49F8-B80A-CCE4AC1FD58A}.Debug|Any CPU.Build.0 = Debug|Any CPU
		{4FDFFC99-0279-49F8-B80A-CCE4AC1FD58A}.Debug|x64.ActiveCfg = Debug|Any CPU
		{4FDFFC99-0279-49F8-B80A-CCE4AC1FD58A}.Debug|x64.Build.0 = Debug|Any CPU
		{4FDFFC99-0279-49F8-B80A-CCE4AC1FD58A}.Debug|x86.ActiveCfg = Debug|Any CPU
		{4FDFFC99-0279-49F8-B80A-CCE4AC1FD58A}.Debug|x86.Build.0 = Debug|Any CPU
		{4FDFFC99-0279-49F8-B80A-CCE4AC1FD58A}.Release|Any CPU.ActiveCfg = Release|Any CPU
		{4FDFFC99-0279-49F8-B80A-CCE4AC1FD58A}.Release|Any CPU.Build.0 = Release|Any CPU
		{4FDFFC99-0279-49F8-B80A-CCE4AC1FD58A}.Release|x64.ActiveCfg = Release|Any CPU
		{4FDFFC99-0279-49F8-B80A-CCE4AC1FD58A}.Release|x64.Build.0 = Release|Any CPU
		{4FDFFC99-0279-49F8-B80A-CCE4AC1FD58A}.Release|x86.ActiveCfg = Release|Any CPU
		{4FDFFC99-0279-49F8-B80A-CCE4AC1FD58A}.Release|x86.Build.0 = Release|Any CPU
		{8FC5C3A1-A6C0-4076-8F86-ABA320022B86}.Debug|Any CPU.ActiveCfg = Debug|Any CPU
		{8FC5C3A1-A6C0-4076-8F86-ABA320022B86}.Debug|Any CPU.Build.0 = Debug|Any CPU
		{8FC5C3A1-A6C0-4076-8F86-ABA320022B86}.Debug|x64.ActiveCfg = Debug|Any CPU
		{8FC5C3A1-A6C0-4076-8F86-ABA320022B86}.Debug|x64.Build.0 = Debug|Any CPU
		{8FC5C3A1-A6C0-4076-8F86-ABA320022B86}.Debug|x86.ActiveCfg = Debug|Any CPU
		{8FC5C3A1-A6C0-4076-8F86-ABA320022B86}.Debug|x86.Build.0 = Debug|Any CPU
		{8FC5C3A1-A6C0-4076-8F86-ABA320022B86}.Release|Any CPU.ActiveCfg = Release|Any CPU
		{8FC5C3A1-A6C0-4076-8F86-ABA320022B86}.Release|Any CPU.Build.0 = Release|Any CPU
		{8FC5C3A1-A6C0-4076-8F86-ABA320022B86}.Release|x64.ActiveCfg = Release|Any CPU
		{8FC5C3A1-A6C0-4076-8F86-ABA320022B86}.Release|x64.Build.0 = Release|Any CPU
		{8FC5C3A1-A6C0-4076-8F86-ABA320022B86}.Release|x86.ActiveCfg = Release|Any CPU
		{8FC5C3A1-A6C0-4076-8F86-ABA320022B86}.Release|x86.Build.0 = Release|Any CPU
		{C8D08D76-C074-46FC-9B10-251E38056308}.Debug|Any CPU.ActiveCfg = Debug|Any CPU
		{C8D08D76-C074-46FC-9B10-251E38056308}.Debug|Any CPU.Build.0 = Debug|Any CPU
		{C8D08D76-C074-46FC-9B10-251E38056308}.Debug|x64.ActiveCfg = Debug|Any CPU
		{C8D08D76-C074-46FC-9B10-251E38056308}.Debug|x64.Build.0 = Debug|Any CPU
		{C8D08D76-C074-46FC-9B10-251E38056308}.Debug|x86.ActiveCfg = Debug|Any CPU
		{C8D08D76-C074-46FC-9B10-251E38056308}.Debug|x86.Build.0 = Debug|Any CPU
		{C8D08D76-C074-46FC-9B10-251E38056308}.Release|Any CPU.ActiveCfg = Release|Any CPU
		{C8D08D76-C074-46FC-9B10-251E38056308}.Release|Any CPU.Build.0 = Release|Any CPU
		{C8D08D76-C074-46FC-9B10-251E38056308}.Release|x64.ActiveCfg = Release|Any CPU
		{C8D08D76-C074-46FC-9B10-251E38056308}.Release|x64.Build.0 = Release|Any CPU
		{C8D08D76-C074-46FC-9B10-251E38056308}.Release|x86.ActiveCfg = Release|Any CPU
		{C8D08D76-C074-46FC-9B10-251E38056308}.Release|x86.Build.0 = Release|Any CPU
	EndGlobalSection
EndGlobal
