
Microsoft Visual Studio Solution File, Format Version 12.00
# Visual Studio 15
VisualStudioVersion = 15.0.26124.0
MinimumVisualStudioVersion = 15.0.26124.0
Project("{FAE04EC0-301F-11D3-BF4B-00C04F79EFBC}") = "EnglishLearning.Multimedia.Persistence", "src\EnglishLearning.Multimedia.Persistence\EnglishLearning.Multimedia.Persistence.csproj", "{EBD04BC7-45F7-433E-8EBD-59CD41216EF9}"
EndProject
Project("{FAE04EC0-301F-11D3-BF4B-00C04F79EFBC}") = "EnglishLearning.Multimedia.Application", "src\EnglishLearning.Multimedia.Application\EnglishLearning.Multimedia.Application.csproj", "{6759B35D-B65B-4F46-9E7A-341A583581F7}"
EndProject
Project("{FAE04EC0-301F-11D3-BF4B-00C04F79EFBC}") = "EnglishLearning.Multimedia.Web", "src\EnglishLearning.Multimedia.Web\EnglishLearning.Multimedia.Web.csproj", "{DE2FA147-5AF6-4D3A-90BC-EE490345E16E}"
EndProject
Project("{FAE04EC0-301F-11D3-BF4B-00C04F79EFBC}") = "EnglishLearning.Multimedia.Host", "src\EnglishLearning.Multimedia.Host\EnglishLearning.Multimedia.Host.csproj", "{EE50234A-DD3A-4207-A9CF-02DBA2B95D59}"
EndProject
Global
	GlobalSection(SolutionConfigurationPlatforms) = preSolution
		Debug|Any CPU = Debug|Any CPU
		Debug|x64 = Debug|x64
		Debug|x86 = Debug|x86
		Release|Any CPU = Release|Any CPU
		Release|x64 = Release|x64
		Release|x86 = Release|x86
	EndGlobalSection
	GlobalSection(SolutionProperties) = preSolution
		HideSolutionNode = FALSE
	EndGlobalSection
	GlobalSection(ProjectConfigurationPlatforms) = postSolution
		{EBD04BC7-45F7-433E-8EBD-59CD41216EF9}.Debug|Any CPU.ActiveCfg = Debug|Any CPU
		{EBD04BC7-45F7-433E-8EBD-59CD41216EF9}.Debug|Any CPU.Build.0 = Debug|Any CPU
		{EBD04BC7-45F7-433E-8EBD-59CD41216EF9}.Debug|x64.ActiveCfg = Debug|Any CPU
		{EBD04BC7-45F7-433E-8EBD-59CD41216EF9}.Debug|x64.Build.0 = Debug|Any CPU
		{EBD04BC7-45F7-433E-8EBD-59CD41216EF9}.Debug|x86.ActiveCfg = Debug|Any CPU
		{EBD04BC7-45F7-433E-8EBD-59CD41216EF9}.Debug|x86.Build.0 = Debug|Any CPU
		{EBD04BC7-45F7-433E-8EBD-59CD41216EF9}.Release|Any CPU.ActiveCfg = Release|Any CPU
		{EBD04BC7-45F7-433E-8EBD-59CD41216EF9}.Release|Any CPU.Build.0 = Release|Any CPU
		{EBD04BC7-45F7-433E-8EBD-59CD41216EF9}.Release|x64.ActiveCfg = Release|Any CPU
		{EBD04BC7-45F7-433E-8EBD-59CD41216EF9}.Release|x64.Build.0 = Release|Any CPU
		{EBD04BC7-45F7-433E-8EBD-59CD41216EF9}.Release|x86.ActiveCfg = Release|Any CPU
		{EBD04BC7-45F7-433E-8EBD-59CD41216EF9}.Release|x86.Build.0 = Release|Any CPU
		{6759B35D-B65B-4F46-9E7A-341A583581F7}.Debug|Any CPU.ActiveCfg = Debug|Any CPU
		{6759B35D-B65B-4F46-9E7A-341A583581F7}.Debug|Any CPU.Build.0 = Debug|Any CPU
		{6759B35D-B65B-4F46-9E7A-341A583581F7}.Debug|x64.ActiveCfg = Debug|Any CPU
		{6759B35D-B65B-4F46-9E7A-341A583581F7}.Debug|x64.Build.0 = Debug|Any CPU
		{6759B35D-B65B-4F46-9E7A-341A583581F7}.Debug|x86.ActiveCfg = Debug|Any CPU
		{6759B35D-B65B-4F46-9E7A-341A583581F7}.Debug|x86.Build.0 = Debug|Any CPU
		{6759B35D-B65B-4F46-9E7A-341A583581F7}.Release|Any CPU.ActiveCfg = Release|Any CPU
		{6759B35D-B65B-4F46-9E7A-341A583581F7}.Release|Any CPU.Build.0 = Release|Any CPU
		{6759B35D-B65B-4F46-9E7A-341A583581F7}.Release|x64.ActiveCfg = Release|Any CPU
		{6759B35D-B65B-4F46-9E7A-341A583581F7}.Release|x64.Build.0 = Release|Any CPU
		{6759B35D-B65B-4F46-9E7A-341A583581F7}.Release|x86.ActiveCfg = Release|Any CPU
		{6759B35D-B65B-4F46-9E7A-341A583581F7}.Release|x86.Build.0 = Release|Any CPU
		{DE2FA147-5AF6-4D3A-90BC-EE490345E16E}.Debug|Any CPU.ActiveCfg = Debug|Any CPU
		{DE2FA147-5AF6-4D3A-90BC-EE490345E16E}.Debug|Any CPU.Build.0 = Debug|Any CPU
		{DE2FA147-5AF6-4D3A-90BC-EE490345E16E}.Debug|x64.ActiveCfg = Debug|Any CPU
		{DE2FA147-5AF6-4D3A-90BC-EE490345E16E}.Debug|x64.Build.0 = Debug|Any CPU
		{DE2FA147-5AF6-4D3A-90BC-EE490345E16E}.Debug|x86.ActiveCfg = Debug|Any CPU
		{DE2FA147-5AF6-4D3A-90BC-EE490345E16E}.Debug|x86.Build.0 = Debug|Any CPU
		{DE2FA147-5AF6-4D3A-90BC-EE490345E16E}.Release|Any CPU.ActiveCfg = Release|Any CPU
		{DE2FA147-5AF6-4D3A-90BC-EE490345E16E}.Release|Any CPU.Build.0 = Release|Any CPU
		{DE2FA147-5AF6-4D3A-90BC-EE490345E16E}.Release|x64.ActiveCfg = Release|Any CPU
		{DE2FA147-5AF6-4D3A-90BC-EE490345E16E}.Release|x64.Build.0 = Release|Any CPU
		{DE2FA147-5AF6-4D3A-90BC-EE490345E16E}.Release|x86.ActiveCfg = Release|Any CPU
		{DE2FA147-5AF6-4D3A-90BC-EE490345E16E}.Release|x86.Build.0 = Release|Any CPU
		{EE50234A-DD3A-4207-A9CF-02DBA2B95D59}.Debug|Any CPU.ActiveCfg = Debug|Any CPU
		{EE50234A-DD3A-4207-A9CF-02DBA2B95D59}.Debug|Any CPU.Build.0 = Debug|Any CPU
		{EE50234A-DD3A-4207-A9CF-02DBA2B95D59}.Debug|x64.ActiveCfg = Debug|Any CPU
		{EE50234A-DD3A-4207-A9CF-02DBA2B95D59}.Debug|x64.Build.0 = Debug|Any CPU
		{EE50234A-DD3A-4207-A9CF-02DBA2B95D59}.Debug|x86.ActiveCfg = Debug|Any CPU
		{EE50234A-DD3A-4207-A9CF-02DBA2B95D59}.Debug|x86.Build.0 = Debug|Any CPU
		{EE50234A-DD3A-4207-A9CF-02DBA2B95D59}.Release|Any CPU.ActiveCfg = Release|Any CPU
		{EE50234A-DD3A-4207-A9CF-02DBA2B95D59}.Release|Any CPU.Build.0 = Release|Any CPU
		{EE50234A-DD3A-4207-A9CF-02DBA2B95D59}.Release|x64.ActiveCfg = Release|Any CPU
		{EE50234A-DD3A-4207-A9CF-02DBA2B95D59}.Release|x64.Build.0 = Release|Any CPU
		{EE50234A-DD3A-4207-A9CF-02DBA2B95D59}.Release|x86.ActiveCfg = Release|Any CPU
		{EE50234A-DD3A-4207-A9CF-02DBA2B95D59}.Release|x86.Build.0 = Release|Any CPU
	EndGlobalSection
EndGlobal
